// !$*UTF8*$!
{
	archiveVersion = 1;
	classes = {
	};
	objectVersion = 51;
	objects = {

/* Begin PBXBuildFile section */
		4B8CF47C399797961A7E41C9 /* Pods_DH_HelloWorld.framework in Frameworks */ = {isa = PBXBuildFile; fileRef = 0C7011DB1ADDC76037FE9FCF /* Pods_DH_HelloWorld.framework */; };
		F20B333B2449257600D927AA /* FSSwiftyBeaverDestination.swift in Sources */ = {isa = PBXBuildFile; fileRef = F20B333A2449257600D927AA /* FSSwiftyBeaverDestination.swift */; };
		F2BF88B0238F904800D7BD09 /* AppDelegate.swift in Sources */ = {isa = PBXBuildFile; fileRef = F2BF88AF238F904800D7BD09 /* AppDelegate.swift */; };
		F2BF88B2238F904800D7BD09 /* SceneDelegate.swift in Sources */ = {isa = PBXBuildFile; fileRef = F2BF88B1238F904800D7BD09 /* SceneDelegate.swift */; };
		F2BF88B4238F904800D7BD09 /* ViewController.swift in Sources */ = {isa = PBXBuildFile; fileRef = F2BF88B3238F904800D7BD09 /* ViewController.swift */; };
		F2BF88B7238F904800D7BD09 /* Main.storyboard in Resources */ = {isa = PBXBuildFile; fileRef = F2BF88B5238F904800D7BD09 /* Main.storyboard */; };
		F2BF88B9238F904A00D7BD09 /* Assets.xcassets in Resources */ = {isa = PBXBuildFile; fileRef = F2BF88B8238F904A00D7BD09 /* Assets.xcassets */; };
		F2BF88BC238F904A00D7BD09 /* LaunchScreen.storyboard in Resources */ = {isa = PBXBuildFile; fileRef = F2BF88BA238F904A00D7BD09 /* LaunchScreen.storyboard */; };
/* End PBXBuildFile section */

/* Begin PBXFileReference section */
		0C7011DB1ADDC76037FE9FCF /* Pods_DH_HelloWorld.framework */ = {isa = PBXFileReference; explicitFileType = wrapper.framework; includeInIndex = 0; path = Pods_DH_HelloWorld.framework; sourceTree = BUILT_PRODUCTS_DIR; };
		1BCACFD9EB123993E3382598 /* Pods-DH-HelloWorld.release.xcconfig */ = {isa = PBXFileReference; includeInIndex = 1; lastKnownFileType = text.xcconfig; name = "Pods-DH-HelloWorld.release.xcconfig"; path = "Target Support Files/Pods-DH-HelloWorld/Pods-DH-HelloWorld.release.xcconfig"; sourceTree = "<group>"; };
		3E12B3A536C27C3E3EC2813C /* Pods-DH-HelloWorld.debug.xcconfig */ = {isa = PBXFileReference; includeInIndex = 1; lastKnownFileType = text.xcconfig; name = "Pods-DH-HelloWorld.debug.xcconfig"; path = "Target Support Files/Pods-DH-HelloWorld/Pods-DH-HelloWorld.debug.xcconfig"; sourceTree = "<group>"; };
		F20B33342448D7F200D927AA /* DH-HelloWorld-Bridging-Header.h */ = {isa = PBXFileReference; lastKnownFileType = sourcecode.c.h; path = "DH-HelloWorld-Bridging-Header.h"; sourceTree = "<group>"; };
		F20B333A2449257600D927AA /* FSSwiftyBeaverDestination.swift */ = {isa = PBXFileReference; fileEncoding = 4; lastKnownFileType = sourcecode.swift; path = FSSwiftyBeaverDestination.swift; sourceTree = "<group>"; };
		F2BF88AC238F904800D7BD09 /* DH-HelloWorld.app */ = {isa = PBXFileReference; explicitFileType = wrapper.application; includeInIndex = 0; path = "DH-HelloWorld.app"; sourceTree = BUILT_PRODUCTS_DIR; };
		F2BF88AF238F904800D7BD09 /* AppDelegate.swift */ = {isa = PBXFileReference; lastKnownFileType = sourcecode.swift; path = AppDelegate.swift; sourceTree = "<group>"; };
		F2BF88B1238F904800D7BD09 /* SceneDelegate.swift */ = {isa = PBXFileReference; lastKnownFileType = sourcecode.swift; path = SceneDelegate.swift; sourceTree = "<group>"; };
		F2BF88B3238F904800D7BD09 /* ViewController.swift */ = {isa = PBXFileReference; lastKnownFileType = sourcecode.swift; path = ViewController.swift; sourceTree = "<group>"; };
		F2BF88B6238F904800D7BD09 /* Base */ = {isa = PBXFileReference; lastKnownFileType = file.storyboard; name = Base; path = Base.lproj/Main.storyboard; sourceTree = "<group>"; };
		F2BF88B8238F904A00D7BD09 /* Assets.xcassets */ = {isa = PBXFileReference; lastKnownFileType = folder.assetcatalog; path = Assets.xcassets; sourceTree = "<group>"; };
		F2BF88BB238F904A00D7BD09 /* Base */ = {isa = PBXFileReference; lastKnownFileType = file.storyboard; name = Base; path = Base.lproj/LaunchScreen.storyboard; sourceTree = "<group>"; };
		F2BF88BD238F904A00D7BD09 /* Info.plist */ = {isa = PBXFileReference; lastKnownFileType = text.plist.xml; path = Info.plist; sourceTree = "<group>"; };
/* End PBXFileReference section */

/* Begin PBXFrameworksBuildPhase section */
		F2BF88A9238F904800D7BD09 /* Frameworks */ = {
			isa = PBXFrameworksBuildPhase;
			buildActionMask = 2147483647;
			files = (
				4B8CF47C399797961A7E41C9 /* Pods_DH_HelloWorld.framework in Frameworks */,
			);
			runOnlyForDeploymentPostprocessing = 0;
		};
/* End PBXFrameworksBuildPhase section */

/* Begin PBXGroup section */
		727F27E4F8DFEBAE31A5CA5F /* Pods */ = {
			isa = PBXGroup;
			children = (
				3E12B3A536C27C3E3EC2813C /* Pods-DH-HelloWorld.debug.xcconfig */,
				1BCACFD9EB123993E3382598 /* Pods-DH-HelloWorld.release.xcconfig */,
			);
			path = Pods;
			sourceTree = "<group>";
		};
		93AE5F2386FBAA6E60847571 /* Frameworks */ = {
			isa = PBXGroup;
			children = (
				0C7011DB1ADDC76037FE9FCF /* Pods_DH_HelloWorld.framework */,
			);
			name = Frameworks;
			sourceTree = "<group>";
		};
		F2BF88A3238F904800D7BD09 = {
			isa = PBXGroup;
			children = (
				F2BF88AE238F904800D7BD09 /* DH-HelloWorld */,
				F2BF88AD238F904800D7BD09 /* Products */,
				727F27E4F8DFEBAE31A5CA5F /* Pods */,
				93AE5F2386FBAA6E60847571 /* Frameworks */,
			);
			sourceTree = "<group>";
		};
		F2BF88AD238F904800D7BD09 /* Products */ = {
			isa = PBXGroup;
			children = (
				F2BF88AC238F904800D7BD09 /* DH-HelloWorld.app */,
			);
			name = Products;
			sourceTree = "<group>";
		};
		F2BF88AE238F904800D7BD09 /* DH-HelloWorld */ = {
			isa = PBXGroup;
			children = (
				F20B333A2449257600D927AA /* FSSwiftyBeaverDestination.swift */,
				F2BF88AF238F904800D7BD09 /* AppDelegate.swift */,
				F2BF88B1238F904800D7BD09 /* SceneDelegate.swift */,
				F2BF88B3238F904800D7BD09 /* ViewController.swift */,
				F2BF88B5238F904800D7BD09 /* Main.storyboard */,
				F2BF88B8238F904A00D7BD09 /* Assets.xcassets */,
				F2BF88BA238F904A00D7BD09 /* LaunchScreen.storyboard */,
				F2BF88BD238F904A00D7BD09 /* Info.plist */,
				F20B33342448D7F200D927AA /* DH-HelloWorld-Bridging-Header.h */,
			);
			path = "DH-HelloWorld";
			sourceTree = "<group>";
		};
/* End PBXGroup section */

/* Begin PBXNativeTarget section */
		F2BF88AB238F904800D7BD09 /* DH-HelloWorld */ = {
			isa = PBXNativeTarget;
			buildConfigurationList = F2BF88C0238F904A00D7BD09 /* Build configuration list for PBXNativeTarget "DH-HelloWorld" */;
			buildPhases = (
				9D1ABD7E0EF06426F6E35B20 /* [CP] Check Pods Manifest.lock */,
				F2BF88A8238F904800D7BD09 /* Sources */,
				F2BF88A9238F904800D7BD09 /* Frameworks */,
				F2BF88AA238F904800D7BD09 /* Resources */,
				78ADDD7CDD57AF15F6A02CF8 /* [CP] Embed Pods Frameworks */,
				F20E09D12446B62C00D7680D /* ShellScript */,
			);
			buildRules = (
			);
			dependencies = (
			);
			name = "DH-HelloWorld";
			productName = "DH-HelloWorld";
			productReference = F2BF88AC238F904800D7BD09 /* DH-HelloWorld.app */;
			productType = "com.apple.product-type.application";
		};
/* End PBXNativeTarget section */

/* Begin PBXProject section */
		F2BF88A4238F904800D7BD09 /* Project object */ = {
			isa = PBXProject;
			attributes = {
				LastSwiftUpdateCheck = 1120;
				LastUpgradeCheck = 1120;
				ORGANIZATIONNAME = "Dave Hylands";
				TargetAttributes = {
					F2BF88AB238F904800D7BD09 = {
						CreatedOnToolsVersion = 11.2.1;
						LastSwiftMigration = 1140;
					};
				};
			};
			buildConfigurationList = F2BF88A7238F904800D7BD09 /* Build configuration list for PBXProject "DH-HelloWorld" */;
			compatibilityVersion = "Xcode 9.3";
			developmentRegion = en;
			hasScannedForEncodings = 0;
			knownRegions = (
				en,
				Base,
			);
			mainGroup = F2BF88A3238F904800D7BD09;
			productRefGroup = F2BF88AD238F904800D7BD09 /* Products */;
			projectDirPath = "";
			projectRoot = "";
			targets = (
				F2BF88AB238F904800D7BD09 /* DH-HelloWorld */,
			);
		};
/* End PBXProject section */

/* Begin PBXResourcesBuildPhase section */
		F2BF88AA238F904800D7BD09 /* Resources */ = {
			isa = PBXResourcesBuildPhase;
			buildActionMask = 2147483647;
			files = (
				F2BF88BC238F904A00D7BD09 /* LaunchScreen.storyboard in Resources */,
				F2BF88B9238F904A00D7BD09 /* Assets.xcassets in Resources */,
				F2BF88B7238F904800D7BD09 /* Main.storyboard in Resources */,
			);
			runOnlyForDeploymentPostprocessing = 0;
		};
/* End PBXResourcesBuildPhase section */

/* Begin PBXShellScriptBuildPhase section */
		78ADDD7CDD57AF15F6A02CF8 /* [CP] Embed Pods Frameworks */ = {
			isa = PBXShellScriptBuildPhase;
			buildActionMask = 2147483647;
			files = (
			);
			inputFileListPaths = (
				"${PODS_ROOT}/Target Support Files/Pods-DH-HelloWorld/Pods-DH-HelloWorld-frameworks-${CONFIGURATION}-input-files.xcfilelist",
			);
			name = "[CP] Embed Pods Frameworks";
			outputFileListPaths = (
				"${PODS_ROOT}/Target Support Files/Pods-DH-HelloWorld/Pods-DH-HelloWorld-frameworks-${CONFIGURATION}-output-files.xcfilelist",
			);
			runOnlyForDeploymentPostprocessing = 0;
			shellPath = /bin/sh;
			shellScript = "\"${PODS_ROOT}/Target Support Files/Pods-DH-HelloWorld/Pods-DH-HelloWorld-frameworks.sh\"\n";
			showEnvVarsInLog = 0;
		};
		9D1ABD7E0EF06426F6E35B20 /* [CP] Check Pods Manifest.lock */ = {
			isa = PBXShellScriptBuildPhase;
			buildActionMask = 2147483647;
			files = (
			);
			inputFileListPaths = (
			);
			inputPaths = (
				"${PODS_PODFILE_DIR_PATH}/Podfile.lock",
				"${PODS_ROOT}/Manifest.lock",
			);
			name = "[CP] Check Pods Manifest.lock";
			outputFileListPaths = (
			);
			outputPaths = (
				"$(DERIVED_FILE_DIR)/Pods-DH-HelloWorld-checkManifestLockResult.txt",
			);
			runOnlyForDeploymentPostprocessing = 0;
			shellPath = /bin/sh;
			shellScript = "diff \"${PODS_PODFILE_DIR_PATH}/Podfile.lock\" \"${PODS_ROOT}/Manifest.lock\" > /dev/null\nif [ $? != 0 ] ; then\n    # print error to STDERR\n    echo \"error: The sandbox is not in sync with the Podfile.lock. Run 'pod install' or update your CocoaPods installation.\" >&2\n    exit 1\nfi\n# This output is used by Xcode 'outputs' to avoid re-running this script phase.\necho \"SUCCESS\" > \"${SCRIPT_OUTPUT_FILE_0}\"\n";
			showEnvVarsInLog = 0;
		};
		F20E09D12446B62C00D7680D /* ShellScript */ = {
			isa = PBXShellScriptBuildPhase;
			buildActionMask = 2147483647;
			files = (
			);
			inputFileListPaths = (
			);
			inputPaths = (
			);
			outputFileListPaths = (
			);
			outputPaths = (
			);
			runOnlyForDeploymentPostprocessing = 0;
			shellPath = /bin/sh;
			shellScript = "# Type a script or drag a script file from your workspace to insert its path.\n\"${PODS_ROOT}/FullStory/tools/FullStoryCommandLine\" \"${CONFIGURATION_BUILD_DIR}/${WRAPPER_NAME}\"\n";
		};
/* End PBXShellScriptBuildPhase section */

/* Begin PBXSourcesBuildPhase section */
		F2BF88A8238F904800D7BD09 /* Sources */ = {
			isa = PBXSourcesBuildPhase;
			buildActionMask = 2147483647;
			files = (
				F20B333B2449257600D927AA /* FSSwiftyBeaverDestination.swift in Sources */,
				F2BF88B4238F904800D7BD09 /* ViewController.swift in Sources */,
				F2BF88B0238F904800D7BD09 /* AppDelegate.swift in Sources */,
				F2BF88B2238F904800D7BD09 /* SceneDelegate.swift in Sources */,
			);
			runOnlyForDeploymentPostprocessing = 0;
		};
/* End PBXSourcesBuildPhase section */

/* Begin PBXVariantGroup section */
		F2BF88B5238F904800D7BD09 /* Main.storyboard */ = {
			isa = PBXVariantGroup;
			children = (
				F2BF88B6238F904800D7BD09 /* Base */,
			);
			name = Main.storyboard;
			sourceTree = "<group>";
		};
		F2BF88BA238F904A00D7BD09 /* LaunchScreen.storyboard */ = {
			isa = PBXVariantGroup;
			children = (
				F2BF88BB238F904A00D7BD09 /* Base */,
			);
			name = LaunchScreen.storyboard;
			sourceTree = "<group>";
		};
/* End PBXVariantGroup section */

/* Begin XCBuildConfiguration section */
		F2BF88BE238F904A00D7BD09 /* Debug */ = {
			isa = XCBuildConfiguration;
			buildSettings = {
				ALWAYS_SEARCH_USER_PATHS = NO;
				CLANG_ANALYZER_NONNULL = YES;
				CLANG_ANALYZER_NUMBER_OBJECT_CONVERSION = YES_AGGRESSIVE;
				CLANG_CXX_LANGUAGE_STANDARD = "gnu++14";
				CLANG_CXX_LIBRARY = "libc++";
				CLANG_ENABLE_MODULES = YES;
				CLANG_ENABLE_OBJC_ARC = YES;
				CLANG_ENABLE_OBJC_WEAK = YES;
				CLANG_WARN_BLOCK_CAPTURE_AUTORELEASING = YES;
				CLANG_WARN_BOOL_CONVERSION = YES;
				CLANG_WARN_COMMA = YES;
				CLANG_WARN_CONSTANT_CONVERSION = YES;
				CLANG_WARN_DEPRECATED_OBJC_IMPLEMENTATIONS = YES;
				CLANG_WARN_DIRECT_OBJC_ISA_USAGE = YES_ERROR;
				CLANG_WARN_DOCUMENTATION_COMMENTS = YES;
				CLANG_WARN_EMPTY_BODY = YES;
				CLANG_WARN_ENUM_CONVERSION = YES;
				CLANG_WARN_INFINITE_RECURSION = YES;
				CLANG_WARN_INT_CONVERSION = YES;
				CLANG_WARN_NON_LITERAL_NULL_CONVERSION = YES;
				CLANG_WARN_OBJC_IMPLICIT_RETAIN_SELF = YES;
				CLANG_WARN_OBJC_LITERAL_CONVERSION = YES;
				CLANG_WARN_OBJC_ROOT_CLASS = YES_ERROR;
				CLANG_WARN_RANGE_LOOP_ANALYSIS = YES;
				CLANG_WARN_STRICT_PROTOTYPES = YES;
				CLANG_WARN_SUSPICIOUS_MOVE = YES;
				CLANG_WARN_UNGUARDED_AVAILABILITY = YES_AGGRESSIVE;
				CLANG_WARN_UNREACHABLE_CODE = YES;
				CLANG_WARN__DUPLICATE_METHOD_MATCH = YES;
				COPY_PHASE_STRIP = NO;
				DEBUG_INFORMATION_FORMAT = dwarf;
				DEFINES_MODULE = YES;
				ENABLE_STRICT_OBJC_MSGSEND = YES;
				ENABLE_TESTABILITY = YES;
				GCC_C_LANGUAGE_STANDARD = gnu11;
				GCC_DYNAMIC_NO_PIC = NO;
				GCC_NO_COMMON_BLOCKS = YES;
				GCC_OPTIMIZATION_LEVEL = 0;
				GCC_PREPROCESSOR_DEFINITIONS = (
					"DEBUG=1",
					"$(inherited)",
				);
				GCC_WARN_64_TO_32_BIT_CONVERSION = YES;
				GCC_WARN_ABOUT_RETURN_TYPE = YES_ERROR;
				GCC_WARN_UNDECLARED_SELECTOR = YES;
				GCC_WARN_UNINITIALIZED_AUTOS = YES_AGGRESSIVE;
				GCC_WARN_UNUSED_FUNCTION = YES;
				GCC_WARN_UNUSED_VARIABLE = YES;
				IPHONEOS_DEPLOYMENT_TARGET = 13.2;
				MTL_ENABLE_DEBUG_INFO = INCLUDE_SOURCE;
				MTL_FAST_MATH = YES;
				ONLY_ACTIVE_ARCH = YES;
				SDKROOT = iphoneos;
				SWIFT_ACTIVE_COMPILATION_CONDITIONS = DEBUG;
				SWIFT_OPTIMIZATION_LEVEL = "-Onone";
			};
			name = Debug;
		};
		F2BF88BF238F904A00D7BD09 /* Release */ = {
			isa = XCBuildConfiguration;
			buildSettings = {
				ALWAYS_SEARCH_USER_PATHS = NO;
				CLANG_ANALYZER_NONNULL = YES;
				CLANG_ANALYZER_NUMBER_OBJECT_CONVERSION = YES_AGGRESSIVE;
				CLANG_CXX_LANGUAGE_STANDARD = "gnu++14";
				CLANG_CXX_LIBRARY = "libc++";
				CLANG_ENABLE_MODULES = YES;
				CLANG_ENABLE_OBJC_ARC = YES;
				CLANG_ENABLE_OBJC_WEAK = YES;
				CLANG_WARN_BLOCK_CAPTURE_AUTORELEASING = YES;
				CLANG_WARN_BOOL_CONVERSION = YES;
				CLANG_WARN_COMMA = YES;
				CLANG_WARN_CONSTANT_CONVERSION = YES;
				CLANG_WARN_DEPRECATED_OBJC_IMPLEMENTATIONS = YES;
				CLANG_WARN_DIRECT_OBJC_ISA_USAGE = YES_ERROR;
				CLANG_WARN_DOCUMENTATION_COMMENTS = YES;
				CLANG_WARN_EMPTY_BODY = YES;
				CLANG_WARN_ENUM_CONVERSION = YES;
				CLANG_WARN_INFINITE_RECURSION = YES;
				CLANG_WARN_INT_CONVERSION = YES;
				CLANG_WARN_NON_LITERAL_NULL_CONVERSION = YES;
				CLANG_WARN_OBJC_IMPLICIT_RETAIN_SELF = YES;
				CLANG_WARN_OBJC_LITERAL_CONVERSION = YES;
				CLANG_WARN_OBJC_ROOT_CLASS = YES_ERROR;
				CLANG_WARN_RANGE_LOOP_ANALYSIS = YES;
				CLANG_WARN_STRICT_PROTOTYPES = YES;
				CLANG_WARN_SUSPICIOUS_MOVE = YES;
				CLANG_WARN_UNGUARDED_AVAILABILITY = YES_AGGRESSIVE;
				CLANG_WARN_UNREACHABLE_CODE = YES;
				CLANG_WARN__DUPLICATE_METHOD_MATCH = YES;
				COPY_PHASE_STRIP = NO;
				DEBUG_INFORMATION_FORMAT = "dwarf-with-dsym";
				DEFINES_MODULE = YES;
				ENABLE_NS_ASSERTIONS = NO;
				ENABLE_STRICT_OBJC_MSGSEND = YES;
				GCC_C_LANGUAGE_STANDARD = gnu11;
				GCC_NO_COMMON_BLOCKS = YES;
				GCC_WARN_64_TO_32_BIT_CONVERSION = YES;
				GCC_WARN_ABOUT_RETURN_TYPE = YES_ERROR;
				GCC_WARN_UNDECLARED_SELECTOR = YES;
				GCC_WARN_UNINITIALIZED_AUTOS = YES_AGGRESSIVE;
				GCC_WARN_UNUSED_FUNCTION = YES;
				GCC_WARN_UNUSED_VARIABLE = YES;
				IPHONEOS_DEPLOYMENT_TARGET = 13.2;
				MTL_ENABLE_DEBUG_INFO = NO;
				MTL_FAST_MATH = YES;
				SDKROOT = iphoneos;
				SWIFT_COMPILATION_MODE = wholemodule;
				SWIFT_OPTIMIZATION_LEVEL = "-O";
				VALIDATE_PRODUCT = YES;
			};
			name = Release;
		};
		F2BF88C1238F904A00D7BD09 /* Debug */ = {
			isa = XCBuildConfiguration;
			baseConfigurationReference = 3E12B3A536C27C3E3EC2813C /* Pods-DH-HelloWorld.debug.xcconfig */;
			buildSettings = {
				ASSETCATALOG_COMPILER_APPICON_NAME = AppIcon;
				CLANG_ENABLE_MODULES = YES;
				CODE_SIGN_STYLE = Automatic;
				DEVELOPMENT_TEAM = 8Q8W5KSX6X;
				INFOPLIST_FILE = "DH-HelloWorld/Info.plist";
				LD_RUNPATH_SEARCH_PATHS = (
					"$(inherited)",
					"@executable_path/Frameworks",
				);
				PRODUCT_BUNDLE_IDENTIFIER = "com.fullstory.DH-HelloWorld";
				PRODUCT_NAME = "$(TARGET_NAME)";
				SWIFT_OBJC_BRIDGING_HEADER = "DH-HelloWorld/DH-HelloWorld-Bridging-Header.h";
				SWIFT_OPTIMIZATION_LEVEL = "-Onone";
				SWIFT_VERSION = 5.0;
				TARGETED_DEVICE_FAMILY = "1,2";
			};
			name = Debug;
		};
		F2BF88C2238F904A00D7BD09 /* Release */ = {
			isa = XCBuildConfiguration;
			baseConfigurationReference = 1BCACFD9EB123993E3382598 /* Pods-DH-HelloWorld.release.xcconfig */;
			buildSettings = {
				ASSETCATALOG_COMPILER_APPICON_NAME = AppIcon;
				CLANG_ENABLE_MODULES = YES;
				CODE_SIGN_STYLE = Automatic;
				DEVELOPMENT_TEAM = 8Q8W5KSX6X;
				INFOPLIST_FILE = "DH-HelloWorld/Info.plist";
				LD_RUNPATH_SEARCH_PATHS = (
					"$(inherited)",
					"@executable_path/Frameworks",
				);
				PRODUCT_BUNDLE_IDENTIFIER = "com.fullstory.DH-HelloWorld";
				PRODUCT_NAME = "$(TARGET_NAME)";
				SWIFT_OBJC_BRIDGING_HEADER = "DH-HelloWorld/DH-HelloWorld-Bridging-Header.h";
				SWIFT_VERSION = 5.0;
				TARGETED_DEVICE_FAMILY = "1,2";
			};
			name = Release;
		};
/* End XCBuildConfiguration section */

/* Begin XCConfigurationList section */
		F2BF88A7238F904800D7BD09 /* Build configuration list for PBXProject "DH-HelloWorld" */ = {
			isa = XCConfigurationList;
			buildConfigurations = (
				F2BF88BE238F904A00D7BD09 /* Debug */,
				F2BF88BF238F904A00D7BD09 /* Release */,
			);
			defaultConfigurationIsVisible = 0;
			defaultConfigurationName = Release;
		};
		F2BF88C0238F904A00D7BD09 /* Build configuration list for PBXNativeTarget "DH-HelloWorld" */ = {
			isa = XCConfigurationList;
			buildConfigurations = (
				F2BF88C1238F904A00D7BD09 /* Debug */,
				F2BF88C2238F904A00D7BD09 /* Release */,
			);
			defaultConfigurationIsVisible = 0;
			defaultConfigurationName = Release;
		};
/* End XCConfigurationList section */
	};
	rootObject = F2BF88A4238F904800D7BD09 /* Project object */;
}
