PODS:
  - FullStory (1.1.5)
  - Willow (5.2.1)

DEPENDENCIES:
  - "FullStory (from `{:http=>\"https://ios-releases.fullstory.com/fullstory-1.1.5.tar.gz\"}`)"
  - Willow (~> 5.0)

SPEC REPOS:
  trunk:
    - Willow

EXTERNAL SOURCES:
  FullStory:
    :http: https://ios-releases.fullstory.com/fullstory-1.1.5.tar.gz

CHECKOUT OPTIONS:
  FullStory:
    :http: https://ios-releases.fullstory.com/fullstory-1.1.5.tar.gz

SPEC CHECKSUMS:
  FullStory: b354b2eded80400e690f79b347f06ce09c79ae6f
  Willow: a6310f9aedcb6f4de8c35b94fd3416a660ae9280

PODFILE CHECKSUM: eb6c3bf49488f459cf794ff2b79403f0f23e90a0

COCOAPODS: 1.9.1
