PODS:
  - FullStory (1.1.5)
  - SwiftyBeaver (1.9.0)

DEPENDENCIES:
  - "FullStory (from `{:http=>\"https://ios-releases.fullstory.com/fullstory-1.1.5.tar.gz\"}`)"
  - SwiftyBeaver

SPEC REPOS:
  trunk:
    - SwiftyBeaver

EXTERNAL SOURCES:
  FullStory:
    :http: https://ios-releases.fullstory.com/fullstory-1.1.5.tar.gz

CHECKOUT OPTIONS:
  FullStory:
    :http: https://ios-releases.fullstory.com/fullstory-1.1.5.tar.gz

SPEC CHECKSUMS:
  FullStory: b354b2eded80400e690f79b347f06ce09c79ae6f
  SwiftyBeaver: d39e7c376bf15e9fffca8263b8fd1f42ea56aa2d

PODFILE CHECKSUM: 271ba87cda258c0dc031fa72efbd213167f27a27

COCOAPODS: 1.9.1
